// !$*UTF8*$!
{
	archiveVersion = 1;
	classes = {
	};
	objectVersion = 50;
	objects = {

/* Begin PBXBuildFile section */
		788398082708CF700009B61A /* AppDelegate.swift in Sources */ = {isa = PBXBuildFile; fileRef = 788398072708CF700009B61A /* AppDelegate.swift */; };
		7883980A2708CF700009B61A /* SceneDelegate.swift in Sources */ = {isa = PBXBuildFile; fileRef = 788398092708CF700009B61A /* SceneDelegate.swift */; };
		7883980C2708CF700009B61A /* ViewController.swift in Sources */ = {isa = PBXBuildFile; fileRef = 7883980B2708CF700009B61A /* ViewController.swift */; };
		7883980F2708CF700009B61A /* Main.storyboard in Resources */ = {isa = PBXBuildFile; fileRef = 7883980D2708CF700009B61A /* Main.storyboard */; };
		788398112708CF710009B61A /* Assets.xcassets in Resources */ = {isa = PBXBuildFile; fileRef = 788398102708CF710009B61A /* Assets.xcassets */; };
		788398142708CF710009B61A /* LaunchScreen.storyboard in Resources */ = {isa = PBXBuildFile; fileRef = 788398122708CF710009B61A /* LaunchScreen.storyboard */; };
		7883981D2708D4E30009B61A /* CustomTableViewCell.swift in Sources */ = {isa = PBXBuildFile; fileRef = 7883981B2708D4E30009B61A /* CustomTableViewCell.swift */; };
		7883981E2708D4E30009B61A /* CustomTableViewCell.xib in Resources */ = {isa = PBXBuildFile; fileRef = 7883981C2708D4E30009B61A /* CustomTableViewCell.xib */; };
		788398202708DDDC0009B61A /* Supercar.swift in Sources */ = {isa = PBXBuildFile; fileRef = 7883981F2708DDDC0009B61A /* Supercar.swift */; };
		788398222708E8DF0009B61A /* Supercarrequest.swift in Sources */ = {isa = PBXBuildFile; fileRef = 788398212708E8DF0009B61A /* Supercarrequest.swift */; };
		788398252709737B0009B61A /* secondViewController.swift in Sources */ = {isa = PBXBuildFile; fileRef = 788398232709737B0009B61A /* secondViewController.swift */; };
/* End PBXBuildFile section */

/* Begin PBXFileReference section */
		788398042708CF700009B61A /* carAPI.app */ = {isa = PBXFileReference; explicitFileType = wrapper.application; includeInIndex = 0; path = carAPI.app; sourceTree = BUILT_PRODUCTS_DIR; };
		788398072708CF700009B61A /* AppDelegate.swift */ = {isa = PBXFileReference; lastKnownFileType = sourcecode.swift; path = AppDelegate.swift; sourceTree = "<group>"; };
		788398092708CF700009B61A /* SceneDelegate.swift */ = {isa = PBXFileReference; lastKnownFileType = sourcecode.swift; path = SceneDelegate.swift; sourceTree = "<group>"; };
		7883980B2708CF700009B61A /* ViewController.swift */ = {isa = PBXFileReference; lastKnownFileType = sourcecode.swift; path = ViewController.swift; sourceTree = "<group>"; };
		7883980E2708CF700009B61A /* Base */ = {isa = PBXFileReference; lastKnownFileType = file.storyboard; name = Base; path = Base.lproj/Main.storyboard; sourceTree = "<group>"; };
		788398102708CF710009B61A /* Assets.xcassets */ = {isa = PBXFileReference; lastKnownFileType = folder.assetcatalog; path = Assets.xcassets; sourceTree = "<group>"; };
		788398132708CF710009B61A /* Base */ = {isa = PBXFileReference; lastKnownFileType = file.storyboard; name = Base; path = Base.lproj/LaunchScreen.storyboard; sourceTree = "<group>"; };
		788398152708CF710009B61A /* Info.plist */ = {isa = PBXFileReference; lastKnownFileType = text.plist.xml; path = Info.plist; sourceTree = "<group>"; };
		7883981B2708D4E30009B61A /* CustomTableViewCell.swift */ = {isa = PBXFileReference; lastKnownFileType = sourcecode.swift; path = CustomTableViewCell.swift; sourceTree = "<group>"; };
		7883981C2708D4E30009B61A /* CustomTableViewCell.xib */ = {isa = PBXFileReference; lastKnownFileType = file.xib; path = CustomTableViewCell.xib; sourceTree = "<group>"; };
		7883981F2708DDDC0009B61A /* Supercar.swift */ = {isa = PBXFileReference; lastKnownFileType = sourcecode.swift; path = Supercar.swift; sourceTree = "<group>"; };
		788398212708E8DF0009B61A /* Supercarrequest.swift */ = {isa = PBXFileReference; lastKnownFileType = sourcecode.swift; path = Supercarrequest.swift; sourceTree = "<group>"; };
		788398232709737B0009B61A /* secondViewController.swift */ = {isa = PBXFileReference; lastKnownFileType = sourcecode.swift; path = secondViewController.swift; sourceTree = "<group>"; };
/* End PBXFileReference section */

/* Begin PBXFrameworksBuildPhase section */
		788398012708CF700009B61A /* Frameworks */ = {
			isa = PBXFrameworksBuildPhase;
			buildActionMask = 2147483647;
			files = (
			);
			runOnlyForDeploymentPostprocessing = 0;
		};
/* End PBXFrameworksBuildPhase section */

/* Begin PBXGroup section */
		788397FB2708CF700009B61A = {
			isa = PBXGroup;
			children = (
				788398062708CF700009B61A /* carAPI */,
				788398052708CF700009B61A /* Products */,
			);
			sourceTree = "<group>";
		};
		788398052708CF700009B61A /* Products */ = {
			isa = PBXGroup;
			children = (
				788398042708CF700009B61A /* carAPI.app */,
			);
			name = Products;
			sourceTree = "<group>";
		};
		788398062708CF700009B61A /* carAPI */ = {
			isa = PBXGroup;
			children = (
				788398072708CF700009B61A /* AppDelegate.swift */,
				788398092708CF700009B61A /* SceneDelegate.swift */,
				7883980B2708CF700009B61A /* ViewController.swift */,
				7883980D2708CF700009B61A /* Main.storyboard */,
				788398102708CF710009B61A /* Assets.xcassets */,
				788398122708CF710009B61A /* LaunchScreen.storyboard */,
				788398152708CF710009B61A /* Info.plist */,
				78839827270977ED0009B61A /* CustomTableViewCell */,
				7883982B270A27930009B61A /* Model */,
				78839828270978030009B61A /* SecondViewControler */,
			);
			path = carAPI;
			sourceTree = "<group>";
		};
		78839827270977ED0009B61A /* CustomTableViewCell */ = {
			isa = PBXGroup;
			children = (
				7883981B2708D4E30009B61A /* CustomTableViewCell.swift */,
				7883981C2708D4E30009B61A /* CustomTableViewCell.xib */,
			);
			path = CustomTableViewCell;
			sourceTree = "<group>";
		};
		78839828270978030009B61A /* SecondViewControler */ = {
			isa = PBXGroup;
			children = (
				788398232709737B0009B61A /* secondViewController.swift */,
			);
			path = SecondViewControler;
			sourceTree = "<group>";
		};
		7883982B270A27930009B61A /* Model */ = {
			isa = PBXGroup;
			children = (
				7883981F2708DDDC0009B61A /* Supercar.swift */,
				788398212708E8DF0009B61A /* Supercarrequest.swift */,
			);
			path = Model;
			sourceTree = "<group>";
		};
/* End PBXGroup section */

/* Begin PBXNativeTarget section */
		788398032708CF700009B61A /* carAPI */ = {
			isa = PBXNativeTarget;
			buildConfigurationList = 788398182708CF710009B61A /* Build configuration list for PBXNativeTarget "carAPI" */;
			buildPhases = (
				788398002708CF700009B61A /* Sources */,
				788398012708CF700009B61A /* Frameworks */,
				788398022708CF700009B61A /* Resources */,
			);
			buildRules = (
			);
			dependencies = (
			);
			name = carAPI;
			productName = carAPI;
			productReference = 788398042708CF700009B61A /* carAPI.app */;
			productType = "com.apple.product-type.application";
		};
/* End PBXNativeTarget section */

/* Begin PBXProject section */
		788397FC2708CF700009B61A /* Project object */ = {
			isa = PBXProject;
			attributes = {
				LastSwiftUpdateCheck = 1250;
				LastUpgradeCheck = 1250;
				TargetAttributes = {
					788398032708CF700009B61A = {
						CreatedOnToolsVersion = 12.5.1;
					};
				};
			};
			buildConfigurationList = 788397FF2708CF700009B61A /* Build configuration list for PBXProject "carAPI" */;
			compatibilityVersion = "Xcode 9.3";
			developmentRegion = en;
			hasScannedForEncodings = 0;
			knownRegions = (
				en,
				Base,
			);
			mainGroup = 788397FB2708CF700009B61A;
			productRefGroup = 788398052708CF700009B61A /* Products */;
			projectDirPath = "";
			projectRoot = "";
			targets = (
				788398032708CF700009B61A /* carAPI */,
			);
		};
/* End PBXProject section */

/* Begin PBXResourcesBuildPhase section */
		788398022708CF700009B61A /* Resources */ = {
			isa = PBXResourcesBuildPhase;
			buildActionMask = 2147483647;
			files = (
				788398142708CF710009B61A /* LaunchScreen.storyboard in Resources */,
				788398112708CF710009B61A /* Assets.xcassets in Resources */,
				7883981E2708D4E30009B61A /* CustomTableViewCell.xib in Resources */,
				7883980F2708CF700009B61A /* Main.storyboard in Resources */,
			);
			runOnlyForDeploymentPostprocessing = 0;
		};
/* End PBXResourcesBuildPhase section */

/* Begin PBXSourcesBuildPhase section */
		788398002708CF700009B61A /* Sources */ = {
			isa = PBXSourcesBuildPhase;
			buildActionMask = 2147483647;
			files = (
				788398202708DDDC0009B61A /* Supercar.swift in Sources */,
				788398252709737B0009B61A /* secondViewController.swift in Sources */,
				7883980C2708CF700009B61A /* ViewController.swift in Sources */,
				788398082708CF700009B61A /* AppDelegate.swift in Sources */,
				7883981D2708D4E30009B61A /* CustomTableViewCell.swift in Sources */,
				788398222708E8DF0009B61A /* Supercarrequest.swift in Sources */,
				7883980A2708CF700009B61A /* SceneDelegate.swift in Sources */,
			);
			runOnlyForDeploymentPostprocessing = 0;
		};
/* End PBXSourcesBuildPhase section */

/* Begin PBXVariantGroup section */
		7883980D2708CF700009B61A /* Main.storyboard */ = {
			isa = PBXVariantGroup;
			children = (
				7883980E2708CF700009B61A /* Base */,
			);
			name = Main.storyboard;
			sourceTree = "<group>";
		};
		788398122708CF710009B61A /* LaunchScreen.storyboard */ = {
			isa = PBXVariantGroup;
			children = (
				788398132708CF710009B61A /* Base */,
			);
			name = LaunchScreen.storyboard;
			sourceTree = "<group>";
		};
/* End PBXVariantGroup section */

/* Begin XCBuildConfiguration section */
		788398162708CF710009B61A /* Debug */ = {
			isa = XCBuildConfiguration;
			buildSettings = {
				ALWAYS_SEARCH_USER_PATHS = NO;
				CLANG_ANALYZER_NONNULL = YES;
				CLANG_ANALYZER_NUMBER_OBJECT_CONVERSION = YES_AGGRESSIVE;
				CLANG_CXX_LANGUAGE_STANDARD = "gnu++14";
				CLANG_CXX_LIBRARY = "libc++";
				CLANG_ENABLE_MODULES = YES;
				CLANG_ENABLE_OBJC_ARC = YES;
				CLANG_ENABLE_OBJC_WEAK = YES;
				CLANG_WARN_BLOCK_CAPTURE_AUTORELEASING = YES;
				CLANG_WARN_BOOL_CONVERSION = YES;
				CLANG_WARN_COMMA = YES;
				CLANG_WARN_CONSTANT_CONVERSION = YES;
				CLANG_WARN_DEPRECATED_OBJC_IMPLEMENTATIONS = YES;
				CLANG_WARN_DIRECT_OBJC_ISA_USAGE = YES_ERROR;
				CLANG_WARN_DOCUMENTATION_COMMENTS = YES;
				CLANG_WARN_EMPTY_BODY = YES;
				CLANG_WARN_ENUM_CONVERSION = YES;
				CLANG_WARN_INFINITE_RECURSION = YES;
				CLANG_WARN_INT_CONVERSION = YES;
				CLANG_WARN_NON_LITERAL_NULL_CONVERSION = YES;
				CLANG_WARN_OBJC_IMPLICIT_RETAIN_SELF = YES;
				CLANG_WARN_OBJC_LITERAL_CONVERSION = YES;
				CLANG_WARN_OBJC_ROOT_CLASS = YES_ERROR;
				CLANG_WARN_QUOTED_INCLUDE_IN_FRAMEWORK_HEADER = YES;
				CLANG_WARN_RANGE_LOOP_ANALYSIS = YES;
				CLANG_WARN_STRICT_PROTOTYPES = YES;
				CLANG_WARN_SUSPICIOUS_MOVE = YES;
				CLANG_WARN_UNGUARDED_AVAILABILITY = YES_AGGRESSIVE;
				CLANG_WARN_UNREACHABLE_CODE = YES;
				CLANG_WARN__DUPLICATE_METHOD_MATCH = YES;
				COPY_PHASE_STRIP = NO;
				DEBUG_INFORMATION_FORMAT = dwarf;
				ENABLE_STRICT_OBJC_MSGSEND = YES;
				ENABLE_TESTABILITY = YES;
				GCC_C_LANGUAGE_STANDARD = gnu11;
				GCC_DYNAMIC_NO_PIC = NO;
				GCC_NO_COMMON_BLOCKS = YES;
				GCC_OPTIMIZATION_LEVEL = 0;
				GCC_PREPROCESSOR_DEFINITIONS = (
					"DEBUG=1",
					"$(inherited)",
				);
				GCC_WARN_64_TO_32_BIT_CONVERSION = YES;
				GCC_WARN_ABOUT_RETURN_TYPE = YES_ERROR;
				GCC_WARN_UNDECLARED_SELECTOR = YES;
				GCC_WARN_UNINITIALIZED_AUTOS = YES_AGGRESSIVE;
				GCC_WARN_UNUSED_FUNCTION = YES;
				GCC_WARN_UNUSED_VARIABLE = YES;
				IPHONEOS_DEPLOYMENT_TARGET = 14.5;
				MTL_ENABLE_DEBUG_INFO = INCLUDE_SOURCE;
				MTL_FAST_MATH = YES;
				ONLY_ACTIVE_ARCH = YES;
				SDKROOT = iphoneos;
				SWIFT_ACTIVE_COMPILATION_CONDITIONS = DEBUG;
				SWIFT_OPTIMIZATION_LEVEL = "-Onone";
			};
			name = Debug;
		};
		788398172708CF710009B61A /* Release */ = {
			isa = XCBuildConfiguration;
			buildSettings = {
				ALWAYS_SEARCH_USER_PATHS = NO;
				CLANG_ANALYZER_NONNULL = YES;
				CLANG_ANALYZER_NUMBER_OBJECT_CONVERSION = YES_AGGRESSIVE;
				CLANG_CXX_LANGUAGE_STANDARD = "gnu++14";
				CLANG_CXX_LIBRARY = "libc++";
				CLANG_ENABLE_MODULES = YES;
				CLANG_ENABLE_OBJC_ARC = YES;
				CLANG_ENABLE_OBJC_WEAK = YES;
				CLANG_WARN_BLOCK_CAPTURE_AUTORELEASING = YES;
				CLANG_WARN_BOOL_CONVERSION = YES;
				CLANG_WARN_COMMA = YES;
				CLANG_WARN_CONSTANT_CONVERSION = YES;
				CLANG_WARN_DEPRECATED_OBJC_IMPLEMENTATIONS = YES;
				CLANG_WARN_DIRECT_OBJC_ISA_USAGE = YES_ERROR;
				CLANG_WARN_DOCUMENTATION_COMMENTS = YES;
				CLANG_WARN_EMPTY_BODY = YES;
				CLANG_WARN_ENUM_CONVERSION = YES;
				CLANG_WARN_INFINITE_RECURSION = YES;
				CLANG_WARN_INT_CONVERSION = YES;
				CLANG_WARN_NON_LITERAL_NULL_CONVERSION = YES;
				CLANG_WARN_OBJC_IMPLICIT_RETAIN_SELF = YES;
				CLANG_WARN_OBJC_LITERAL_CONVERSION = YES;
				CLANG_WARN_OBJC_ROOT_CLASS = YES_ERROR;
				CLANG_WARN_QUOTED_INCLUDE_IN_FRAMEWORK_HEADER = YES;
				CLANG_WARN_RANGE_LOOP_ANALYSIS = YES;
				CLANG_WARN_STRICT_PROTOTYPES = YES;
				CLANG_WARN_SUSPICIOUS_MOVE = YES;
				CLANG_WARN_UNGUARDED_AVAILABILITY = YES_AGGRESSIVE;
				CLANG_WARN_UNREACHABLE_CODE = YES;
				CLANG_WARN__DUPLICATE_METHOD_MATCH = YES;
				COPY_PHASE_STRIP = NO;
				DEBUG_INFORMATION_FORMAT = "dwarf-with-dsym";
				ENABLE_NS_ASSERTIONS = NO;
				ENABLE_STRICT_OBJC_MSGSEND = YES;
				GCC_C_LANGUAGE_STANDARD = gnu11;
				GCC_NO_COMMON_BLOCKS = YES;
				GCC_WARN_64_TO_32_BIT_CONVERSION = YES;
				GCC_WARN_ABOUT_RETURN_TYPE = YES_ERROR;
				GCC_WARN_UNDECLARED_SELECTOR = YES;
				GCC_WARN_UNINITIALIZED_AUTOS = YES_AGGRESSIVE;
				GCC_WARN_UNUSED_FUNCTION = YES;
				GCC_WARN_UNUSED_VARIABLE = YES;
				IPHONEOS_DEPLOYMENT_TARGET = 14.5;
				MTL_ENABLE_DEBUG_INFO = NO;
				MTL_FAST_MATH = YES;
				SDKROOT = iphoneos;
				SWIFT_COMPILATION_MODE = wholemodule;
				SWIFT_OPTIMIZATION_LEVEL = "-O";
				VALIDATE_PRODUCT = YES;
			};
			name = Release;
		};
		788398192708CF710009B61A /* Debug */ = {
			isa = XCBuildConfiguration;
			buildSettings = {
				ASSETCATALOG_COMPILER_APPICON_NAME = AppIcon;
				ASSETCATALOG_COMPILER_GLOBAL_ACCENT_COLOR_NAME = AccentColor;
				CODE_SIGN_STYLE = Automatic;
				DEVELOPMENT_TEAM = L9D5D69YLP;
				INFOPLIST_FILE = carAPI/Info.plist;
				LD_RUNPATH_SEARCH_PATHS = (
					"$(inherited)",
					"@executable_path/Frameworks",
				);
				PRODUCT_BUNDLE_IDENTIFIER = RedNguyen.carAPI;
				PRODUCT_NAME = "$(TARGET_NAME)";
				SWIFT_VERSION = 5.0;
				TARGETED_DEVICE_FAMILY = "1,2";
			};
			name = Debug;
		};
		7883981A2708CF710009B61A /* Release */ = {
			isa = XCBuildConfiguration;
			buildSettings = {
				ASSETCATALOG_COMPILER_APPICON_NAME = AppIcon;
				ASSETCATALOG_COMPILER_GLOBAL_ACCENT_COLOR_NAME = AccentColor;
				CODE_SIGN_STYLE = Automatic;
				DEVELOPMENT_TEAM = L9D5D69YLP;
				INFOPLIST_FILE = carAPI/Info.plist;
				LD_RUNPATH_SEARCH_PATHS = (
					"$(inherited)",
					"@executable_path/Frameworks",
				);
				PRODUCT_BUNDLE_IDENTIFIER = RedNguyen.carAPI;
				PRODUCT_NAME = "$(TARGET_NAME)";
				SWIFT_VERSION = 5.0;
				TARGETED_DEVICE_FAMILY = "1,2";
			};
			name = Release;
		};
/* End XCBuildConfiguration section */

/* Begin XCConfigurationList section */
		788397FF2708CF700009B61A /* Build configuration list for PBXProject "carAPI" */ = {
			isa = XCConfigurationList;
			buildConfigurations = (
				788398162708CF710009B61A /* Debug */,
				788398172708CF710009B61A /* Release */,
			);
			defaultConfigurationIsVisible = 0;
			defaultConfigurationName = Release;
		};
		788398182708CF710009B61A /* Build configuration list for PBXNativeTarget "carAPI" */ = {
			isa = XCConfigurationList;
			buildConfigurations = (
				788398192708CF710009B61A /* Debug */,
				7883981A2708CF710009B61A /* Release */,
			);
			defaultConfigurationIsVisible = 0;
			defaultConfigurationName = Release;
		};
/* End XCConfigurationList section */
	};
	rootObject = 788397FC2708CF700009B61A /* Project object */;
}
